
Microsoft Visual Studio Solution File, Format Version 12.00
# Visual Studio Version 17
VisualStudioVersion = 17.1.32319.34
MinimumVisualStudioVersion = 10.0.40219.1
Project("{FAE04EC0-301F-11D3-BF4B-00C04F79EFBC}") = "CoffeeShop", "CoffeeShop.csproj", "{FA04975A-2946-42AC-AB58-8B1BB8649EEB}"
EndProject
Global
	GlobalSection(SolutionConfigurationPlatforms) = preSolution
		Debug|Any CPU = Debug|Any CPU
		Release|Any CPU = Release|Any CPU
	EndGlobalSection
	GlobalSection(ProjectConfigurationPlatforms) = postSolution
		{FA04975A-2946-42AC-AB58-8B1BB8649EEB}.Debug|Any CPU.ActiveCfg = Debug|Any CPU
		{FA04975A-2946-42AC-AB58-8B1BB8649EEB}.Debug|Any CPU.Build.0 = Debug|Any CPU
		{FA04975A-2946-42AC-AB58-8B1BB8649EEB}.Release|Any CPU.ActiveCfg = Release|Any CPU
		{FA04975A-2946-42AC-AB58-8B1BB8649EEB}.Release|Any CPU.Build.0 = Release|Any CPU
	EndGlobalSection
	GlobalSection(SolutionProperties) = preSolution
		HideSolutionNode = FALSE
	EndGlobalSection
	GlobalSection(ExtensibilityGlobals) = postSolution
		SolutionGuid = {3745EB66-5857-433A-9A75-18EFD4CF6009}
	EndGlobalSection
EndGlobal
